{
  "lockfileVersion": 1,
  "dependencies": {
    "wx-api-common": {
      "version": "1.0.3",
      "resolved": "https://registry.npmjs.org/wx-api-common/-/wx-api-common-1.0.3.tgz",
      "integrity": "sha512-Rr/PPmy766pa575FpuuxAyAWnA1D18myZs0xLRyX5cUty+SudDl8noUrymuMz6O4xujuJ+Z38v9t5l6rV/WORA=="
    }
  }
}
