{
  "name": "wechat",
  "version": "1.0.0",
  "lockfileVersion": 1,
  "requires": true,
  "dependencies": {
    "wx-api-common": {
      "version": "1.0.6",
      "resolved": "https://registry.npmjs.org/wx-api-common/-/wx-api-common-1.0.6.tgz",
      "integrity": "sha512-hrTmVJS3/jmu/WjzfIzLhfJ+1N2R35qU6KnkGuZHOQJBy8iFSyA43lSugzDFltrakzbH7ZnVgn01pvBGEMOG5A=="
    }
  }
}
