{
  "name": "wechat",
  "version": "1.0.0",
  "lockfileVersion": 1,
  "requires": true,
  "dependencies": {
    "wx-api-common": {
      "version": "1.0.5",
      "resolved": "https://registry.npmjs.org/wx-api-common/-/wx-api-common-1.0.5.tgz",
      "integrity": "sha512-r35P07W2wE6E6BARG8IbaeIlRFg0wO7r1pFoJP3xRPPqP9cKIrC0no1KBnm3LgiATCZ7JVobJxXUsfHODtJsoA=="
    }
  }
}
